
Microsoft Visual Studio Solution File, Format Version 12.00
# Visual Studio Version 16
VisualStudioVersion = 16.0.29905.134
MinimumVisualStudioVersion = 10.0.40219.1
Project("{8BC9CEB8-8B4A-11D0-8D11-00A0C91BC942}") = "WebServer", "WebServer\WebServer.vcxproj", "{5466284C-AFE1-4DC9-A99E-B9671BBAD68F}"
EndProject
Global
	GlobalSection(SolutionConfigurationPlatforms) = preSolution
		Debug|x64 = Debug|x64
		Debug|x86 = Debug|x86
		Release|x64 = Release|x64
		Release|x86 = Release|x86
	EndGlobalSection
	GlobalSection(ProjectConfigurationPlatforms) = postSolution
		{5466284C-AFE1-4DC9-A99E-B9671BBAD68F}.Debug|x64.ActiveCfg = Debug|x64
		{5466284C-AFE1-4DC9-A99E-B9671BBAD68F}.Debug|x64.Build.0 = Debug|x64
		{5466284C-AFE1-4DC9-A99E-B9671BBAD68F}.Debug|x86.ActiveCfg = Debug|Win32
		{5466284C-AFE1-4DC9-A99E-B9671BBAD68F}.Debug|x86.Build.0 = Debug|Win32
		{5466284C-AFE1-4DC9-A99E-B9671BBAD68F}.Release|x64.ActiveCfg = Release|x64
		{5466284C-AFE1-4DC9-A99E-B9671BBAD68F}.Release|x64.Build.0 = Release|x64
		{5466284C-AFE1-4DC9-A99E-B9671BBAD68F}.Release|x86.ActiveCfg = Release|Win32
		{5466284C-AFE1-4DC9-A99E-B9671BBAD68F}.Release|x86.Build.0 = Release|Win32
	EndGlobalSection
	GlobalSection(SolutionProperties) = preSolution
		HideSolutionNode = FALSE
	EndGlobalSection
	GlobalSection(ExtensibilityGlobals) = postSolution
		SolutionGuid = {3CC85D84-E482-45B5-AEE6-5A66F40128D5}
	EndGlobalSection
EndGlobal
